
Microsoft Visual Studio Solution File, Format Version 12.00
# Visual Studio Version 16
VisualStudioVersion = 16.0.31105.61
MinimumVisualStudioVersion = 10.0.40219.1
Project("{8BC9CEB8-8B4A-11D0-8D11-00A0C91BC942}") = "Adapter_object_pattern", "Adapter_object_pattern.vcxproj", "{425E9E7B-0463-4D53-8412-2CF8B7EE43A8}"
EndProject
Global
	GlobalSection(SolutionConfigurationPlatforms) = preSolution
		Debug|x64 = Debug|x64
		Debug|x86 = Debug|x86
		Release|x64 = Release|x64
		Release|x86 = Release|x86
	EndGlobalSection
	GlobalSection(ProjectConfigurationPlatforms) = postSolution
		{425E9E7B-0463-4D53-8412-2CF8B7EE43A8}.Debug|x64.ActiveCfg = Debug|x64
		{425E9E7B-0463-4D53-8412-2CF8B7EE43A8}.Debug|x64.Build.0 = Debug|x64
		{425E9E7B-0463-4D53-8412-2CF8B7EE43A8}.Debug|x86.ActiveCfg = Debug|Win32
		{425E9E7B-0463-4D53-8412-2CF8B7EE43A8}.Debug|x86.Build.0 = Debug|Win32
		{425E9E7B-0463-4D53-8412-2CF8B7EE43A8}.Release|x64.ActiveCfg = Release|x64
		{425E9E7B-0463-4D53-8412-2CF8B7EE43A8}.Release|x64.Build.0 = Release|x64
		{425E9E7B-0463-4D53-8412-2CF8B7EE43A8}.Release|x86.ActiveCfg = Release|Win32
		{425E9E7B-0463-4D53-8412-2CF8B7EE43A8}.Release|x86.Build.0 = Release|Win32
	EndGlobalSection
	GlobalSection(SolutionProperties) = preSolution
		HideSolutionNode = FALSE
	EndGlobalSection
	GlobalSection(ExtensibilityGlobals) = postSolution
		SolutionGuid = {B95C3156-C049-45C6-8F8A-4F525EA7EDCD}
	EndGlobalSection
EndGlobal
